
Microsoft Visual Studio Solution File, Format Version 12.00
# Visual Studio Version 16
VisualStudioVersion = 16.0.30611.23
MinimumVisualStudioVersion = 10.0.40219.1
Project("{8BC9CEB8-8B4A-11D0-8D11-00A0C91BC942}") = "second", "second\second.vcxproj", "{F95D47E1-ADA7-4DBD-A125-6A5D5BF3A891}"
EndProject
Global
	GlobalSection(SolutionConfigurationPlatforms) = preSolution
		Debug|x64 = Debug|x64
		Debug|x86 = Debug|x86
		Release|x64 = Release|x64
		Release|x86 = Release|x86
	EndGlobalSection
	GlobalSection(ProjectConfigurationPlatforms) = postSolution
		{F95D47E1-ADA7-4DBD-A125-6A5D5BF3A891}.Debug|x64.ActiveCfg = Debug|x64
		{F95D47E1-ADA7-4DBD-A125-6A5D5BF3A891}.Debug|x64.Build.0 = Debug|x64
		{F95D47E1-ADA7-4DBD-A125-6A5D5BF3A891}.Debug|x86.ActiveCfg = Debug|Win32
		{F95D47E1-ADA7-4DBD-A125-6A5D5BF3A891}.Debug|x86.Build.0 = Debug|Win32
		{F95D47E1-ADA7-4DBD-A125-6A5D5BF3A891}.Release|x64.ActiveCfg = Release|x64
		{F95D47E1-ADA7-4DBD-A125-6A5D5BF3A891}.Release|x64.Build.0 = Release|x64
		{F95D47E1-ADA7-4DBD-A125-6A5D5BF3A891}.Release|x86.ActiveCfg = Release|Win32
		{F95D47E1-ADA7-4DBD-A125-6A5D5BF3A891}.Release|x86.Build.0 = Release|Win32
	EndGlobalSection
	GlobalSection(SolutionProperties) = preSolution
		HideSolutionNode = FALSE
	EndGlobalSection
	GlobalSection(ExtensibilityGlobals) = postSolution
		SolutionGuid = {749B925C-47A6-4B53-81D0-7E418E422662}
	EndGlobalSection
EndGlobal
